// !$*UTF8*$!
{
	archiveVersion = 1;
	classes = {
	};
	objectVersion = 46;
	objects = {

/* Begin PBXBuildFile section */
		8B84C1B21C85426C004BCF93 /* main.cpp in Sources */ = {isa = PBXBuildFile; fileRef = 8B84C1B11C85426C004BCF93 /* main.cpp */; };
		8BFE64701C8543F200A046CF /* model.cpp in Sources */ = {isa = PBXBuildFile; fileRef = 8BFE64621C8543F200A046CF /* model.cpp */; };
		8BFE64711C8543F200A046CF /* multiNet.cpp in Sources */ = {isa = PBXBuildFile; fileRef = 8BFE64641C8543F200A046CF /* multiNet.cpp */; };
		8BFE64721C8543F200A046CF /* network.cpp in Sources */ = {isa = PBXBuildFile; fileRef = 8BFE64661C8543F200A046CF /* network.cpp */; };
		8BFE64731C8543F200A046CF /* node.cpp in Sources */ = {isa = PBXBuildFile; fileRef = 8BFE64681C8543F200A046CF /* node.cpp */; };
		8BFE64741C8543F200A046CF /* other.cpp in Sources */ = {isa = PBXBuildFile; fileRef = 8BFE646A1C8543F200A046CF /* other.cpp */; };
		8BFE64751C8543F200A046CF /* stdafx.cpp in Sources */ = {isa = PBXBuildFile; fileRef = 8BFE646D1C8543F200A046CF /* stdafx.cpp */; };
/* End PBXBuildFile section */

/* Begin PBXCopyFilesBuildPhase section */
		8B84C1AC1C85426C004BCF93 /* CopyFiles */ = {
			isa = PBXCopyFilesBuildPhase;
			buildActionMask = 2147483647;
			dstPath = /usr/share/man/man1/;
			dstSubfolderSpec = 0;
			files = (
			);
			runOnlyForDeploymentPostprocessing = 1;
		};
/* End PBXCopyFilesBuildPhase section */

/* Begin PBXFileReference section */
		8B84C1AE1C85426C004BCF93 /* SUN_NEW */ = {isa = PBXFileReference; explicitFileType = "compiled.mach-o.executable"; includeInIndex = 0; path = SUN_NEW; sourceTree = BUILT_PRODUCTS_DIR; };
		8B84C1B11C85426C004BCF93 /* main.cpp */ = {isa = PBXFileReference; lastKnownFileType = sourcecode.cpp.cpp; path = main.cpp; sourceTree = "<group>"; };
		8BFE64611C8543F200A046CF /* error.h */ = {isa = PBXFileReference; fileEncoding = 4; lastKnownFileType = sourcecode.c.h; path = error.h; sourceTree = "<group>"; };
		8BFE64621C8543F200A046CF /* model.cpp */ = {isa = PBXFileReference; fileEncoding = 4; lastKnownFileType = sourcecode.cpp.cpp; path = model.cpp; sourceTree = "<group>"; };
		8BFE64631C8543F200A046CF /* model.h */ = {isa = PBXFileReference; fileEncoding = 4; lastKnownFileType = sourcecode.c.h; path = model.h; sourceTree = "<group>"; };
		8BFE64641C8543F200A046CF /* multiNet.cpp */ = {isa = PBXFileReference; fileEncoding = 4; lastKnownFileType = sourcecode.cpp.cpp; path = multiNet.cpp; sourceTree = "<group>"; };
		8BFE64651C8543F200A046CF /* multiNet.h */ = {isa = PBXFileReference; fileEncoding = 4; lastKnownFileType = sourcecode.c.h; path = multiNet.h; sourceTree = "<group>"; };
		8BFE64661C8543F200A046CF /* network.cpp */ = {isa = PBXFileReference; fileEncoding = 4; lastKnownFileType = sourcecode.cpp.cpp; path = network.cpp; sourceTree = "<group>"; };
		8BFE64671C8543F200A046CF /* network.h */ = {isa = PBXFileReference; fileEncoding = 4; lastKnownFileType = sourcecode.c.h; path = network.h; sourceTree = "<group>"; };
		8BFE64681C8543F200A046CF /* node.cpp */ = {isa = PBXFileReference; fileEncoding = 4; lastKnownFileType = sourcecode.cpp.cpp; path = node.cpp; sourceTree = "<group>"; };
		8BFE64691C8543F200A046CF /* node.h */ = {isa = PBXFileReference; fileEncoding = 4; lastKnownFileType = sourcecode.c.h; path = node.h; sourceTree = "<group>"; };
		8BFE646A1C8543F200A046CF /* other.cpp */ = {isa = PBXFileReference; fileEncoding = 4; lastKnownFileType = sourcecode.cpp.cpp; path = other.cpp; sourceTree = "<group>"; };
		8BFE646B1C8543F200A046CF /* other.h */ = {isa = PBXFileReference; fileEncoding = 4; lastKnownFileType = sourcecode.c.h; path = other.h; sourceTree = "<group>"; };
		8BFE646C1C8543F200A046CF /* resource.h */ = {isa = PBXFileReference; fileEncoding = 4; lastKnownFileType = sourcecode.c.h; path = resource.h; sourceTree = "<group>"; };
		8BFE646D1C8543F200A046CF /* stdafx.cpp */ = {isa = PBXFileReference; fileEncoding = 4; lastKnownFileType = sourcecode.cpp.cpp; path = stdafx.cpp; sourceTree = "<group>"; };
		8BFE646E1C8543F200A046CF /* stdafx.h */ = {isa = PBXFileReference; fileEncoding = 4; lastKnownFileType = sourcecode.c.h; path = stdafx.h; sourceTree = "<group>"; };
		8BFE646F1C8543F200A046CF /* targetver.h */ = {isa = PBXFileReference; fileEncoding = 4; lastKnownFileType = sourcecode.c.h; path = targetver.h; sourceTree = "<group>"; };
/* End PBXFileReference section */

/* Begin PBXFrameworksBuildPhase section */
		8B84C1AB1C85426C004BCF93 /* Frameworks */ = {
			isa = PBXFrameworksBuildPhase;
			buildActionMask = 2147483647;
			files = (
			);
			runOnlyForDeploymentPostprocessing = 0;
		};
/* End PBXFrameworksBuildPhase section */

/* Begin PBXGroup section */
		8B84C1A51C85426C004BCF93 = {
			isa = PBXGroup;
			children = (
				8B84C1B01C85426C004BCF93 /* SUN_NEW */,
				8B84C1AF1C85426C004BCF93 /* Products */,
			);
			sourceTree = "<group>";
		};
		8B84C1AF1C85426C004BCF93 /* Products */ = {
			isa = PBXGroup;
			children = (
				8B84C1AE1C85426C004BCF93 /* SUN_NEW */,
			);
			name = Products;
			sourceTree = "<group>";
		};
		8B84C1B01C85426C004BCF93 /* SUN_NEW */ = {
			isa = PBXGroup;
			children = (
				8BFE64611C8543F200A046CF /* error.h */,
				8BFE64621C8543F200A046CF /* model.cpp */,
				8BFE64631C8543F200A046CF /* model.h */,
				8BFE64641C8543F200A046CF /* multiNet.cpp */,
				8BFE64651C8543F200A046CF /* multiNet.h */,
				8BFE64661C8543F200A046CF /* network.cpp */,
				8BFE64671C8543F200A046CF /* network.h */,
				8BFE64681C8543F200A046CF /* node.cpp */,
				8BFE64691C8543F200A046CF /* node.h */,
				8BFE646A1C8543F200A046CF /* other.cpp */,
				8BFE646B1C8543F200A046CF /* other.h */,
				8BFE646C1C8543F200A046CF /* resource.h */,
				8BFE646D1C8543F200A046CF /* stdafx.cpp */,
				8BFE646E1C8543F200A046CF /* stdafx.h */,
				8BFE646F1C8543F200A046CF /* targetver.h */,
				8B84C1B11C85426C004BCF93 /* main.cpp */,
			);
			path = SUN_NEW;
			sourceTree = "<group>";
		};
/* End PBXGroup section */

/* Begin PBXNativeTarget section */
		8B84C1AD1C85426C004BCF93 /* SUN_NEW */ = {
			isa = PBXNativeTarget;
			buildConfigurationList = 8B84C1B51C85426C004BCF93 /* Build configuration list for PBXNativeTarget "SUN_NEW" */;
			buildPhases = (
				8B84C1AA1C85426C004BCF93 /* Sources */,
				8B84C1AB1C85426C004BCF93 /* Frameworks */,
				8B84C1AC1C85426C004BCF93 /* CopyFiles */,
			);
			buildRules = (
			);
			dependencies = (
			);
			name = SUN_NEW;
			productName = SUN_NEW;
			productReference = 8B84C1AE1C85426C004BCF93 /* SUN_NEW */;
			productType = "com.apple.product-type.tool";
		};
/* End PBXNativeTarget section */

/* Begin PBXProject section */
		8B84C1A61C85426C004BCF93 /* Project object */ = {
			isa = PBXProject;
			attributes = {
				LastUpgradeCheck = 0720;
				ORGANIZATIONNAME = "马义林";
				TargetAttributes = {
					8B84C1AD1C85426C004BCF93 = {
						CreatedOnToolsVersion = 7.2.1;
					};
				};
			};
			buildConfigurationList = 8B84C1A91C85426C004BCF93 /* Build configuration list for PBXProject "SUN_NEW" */;
			compatibilityVersion = "Xcode 3.2";
			developmentRegion = English;
			hasScannedForEncodings = 0;
			knownRegions = (
				en,
			);
			mainGroup = 8B84C1A51C85426C004BCF93;
			productRefGroup = 8B84C1AF1C85426C004BCF93 /* Products */;
			projectDirPath = "";
			projectRoot = "";
			targets = (
				8B84C1AD1C85426C004BCF93 /* SUN_NEW */,
			);
		};
/* End PBXProject section */

/* Begin PBXSourcesBuildPhase section */
		8B84C1AA1C85426C004BCF93 /* Sources */ = {
			isa = PBXSourcesBuildPhase;
			buildActionMask = 2147483647;
			files = (
				8BFE64711C8543F200A046CF /* multiNet.cpp in Sources */,
				8B84C1B21C85426C004BCF93 /* main.cpp in Sources */,
				8BFE64721C8543F200A046CF /* network.cpp in Sources */,
				8BFE64731C8543F200A046CF /* node.cpp in Sources */,
				8BFE64741C8543F200A046CF /* other.cpp in Sources */,
				8BFE64751C8543F200A046CF /* stdafx.cpp in Sources */,
				8BFE64701C8543F200A046CF /* model.cpp in Sources */,
			);
			runOnlyForDeploymentPostprocessing = 0;
		};
/* End PBXSourcesBuildPhase section */

/* Begin XCBuildConfiguration section */
		8B84C1B31C85426C004BCF93 /* Debug */ = {
			isa = XCBuildConfiguration;
			buildSettings = {
				ALWAYS_SEARCH_USER_PATHS = NO;
				CLANG_CXX_LANGUAGE_STANDARD = "gnu++0x";
				CLANG_CXX_LIBRARY = "libc++";
				CLANG_ENABLE_MODULES = YES;
				CLANG_ENABLE_OBJC_ARC = YES;
				CLANG_WARN_BOOL_CONVERSION = YES;
				CLANG_WARN_CONSTANT_CONVERSION = YES;
				CLANG_WARN_DIRECT_OBJC_ISA_USAGE = YES_ERROR;
				CLANG_WARN_EMPTY_BODY = YES;
				CLANG_WARN_ENUM_CONVERSION = YES;
				CLANG_WARN_INT_CONVERSION = YES;
				CLANG_WARN_OBJC_ROOT_CLASS = YES_ERROR;
				CLANG_WARN_UNREACHABLE_CODE = YES;
				CLANG_WARN__DUPLICATE_METHOD_MATCH = YES;
				CODE_SIGN_IDENTITY = "-";
				COPY_PHASE_STRIP = NO;
				DEBUG_INFORMATION_FORMAT = dwarf;
				ENABLE_STRICT_OBJC_MSGSEND = YES;
				ENABLE_TESTABILITY = YES;
				GCC_C_LANGUAGE_STANDARD = gnu99;
				GCC_DYNAMIC_NO_PIC = NO;
				GCC_NO_COMMON_BLOCKS = YES;
				GCC_OPTIMIZATION_LEVEL = 0;
				GCC_PREPROCESSOR_DEFINITIONS = (
					"DEBUG=1",
					"$(inherited)",
				);
				GCC_WARN_64_TO_32_BIT_CONVERSION = YES;
				GCC_WARN_ABOUT_RETURN_TYPE = YES_ERROR;
				GCC_WARN_UNDECLARED_SELECTOR = YES;
				GCC_WARN_UNINITIALIZED_AUTOS = YES_AGGRESSIVE;
				GCC_WARN_UNUSED_FUNCTION = YES;
				GCC_WARN_UNUSED_VARIABLE = YES;
				MACOSX_DEPLOYMENT_TARGET = 10.11;
				MTL_ENABLE_DEBUG_INFO = YES;
				ONLY_ACTIVE_ARCH = YES;
				SDKROOT = macosx;
			};
			name = Debug;
		};
		8B84C1B41C85426C004BCF93 /* Release */ = {
			isa = XCBuildConfiguration;
			buildSettings = {
				ALWAYS_SEARCH_USER_PATHS = NO;
				CLANG_CXX_LANGUAGE_STANDARD = "gnu++0x";
				CLANG_CXX_LIBRARY = "libc++";
				CLANG_ENABLE_MODULES = YES;
				CLANG_ENABLE_OBJC_ARC = YES;
				CLANG_WARN_BOOL_CONVERSION = YES;
				CLANG_WARN_CONSTANT_CONVERSION = YES;
				CLANG_WARN_DIRECT_OBJC_ISA_USAGE = YES_ERROR;
				CLANG_WARN_EMPTY_BODY = YES;
				CLANG_WARN_ENUM_CONVERSION = YES;
				CLANG_WARN_INT_CONVERSION = YES;
				CLANG_WARN_OBJC_ROOT_CLASS = YES_ERROR;
				CLANG_WARN_UNREACHABLE_CODE = YES;
				CLANG_WARN__DUPLICATE_METHOD_MATCH = YES;
				CODE_SIGN_IDENTITY = "-";
				COPY_PHASE_STRIP = NO;
				DEBUG_INFORMATION_FORMAT = "dwarf-with-dsym";
				ENABLE_NS_ASSERTIONS = NO;
				ENABLE_STRICT_OBJC_MSGSEND = YES;
				GCC_C_LANGUAGE_STANDARD = gnu99;
				GCC_NO_COMMON_BLOCKS = YES;
				GCC_WARN_64_TO_32_BIT_CONVERSION = YES;
				GCC_WARN_ABOUT_RETURN_TYPE = YES_ERROR;
				GCC_WARN_UNDECLARED_SELECTOR = YES;
				GCC_WARN_UNINITIALIZED_AUTOS = YES_AGGRESSIVE;
				GCC_WARN_UNUSED_FUNCTION = YES;
				GCC_WARN_UNUSED_VARIABLE = YES;
				MACOSX_DEPLOYMENT_TARGET = 10.11;
				MTL_ENABLE_DEBUG_INFO = NO;
				SDKROOT = macosx;
			};
			name = Release;
		};
		8B84C1B61C85426C004BCF93 /* Debug */ = {
			isa = XCBuildConfiguration;
			buildSettings = {
				PRODUCT_NAME = "$(TARGET_NAME)";
			};
			name = Debug;
		};
		8B84C1B71C85426C004BCF93 /* Release */ = {
			isa = XCBuildConfiguration;
			buildSettings = {
				PRODUCT_NAME = "$(TARGET_NAME)";
			};
			name = Release;
		};
/* End XCBuildConfiguration section */

/* Begin XCConfigurationList section */
		8B84C1A91C85426C004BCF93 /* Build configuration list for PBXProject "SUN_NEW" */ = {
			isa = XCConfigurationList;
			buildConfigurations = (
				8B84C1B31C85426C004BCF93 /* Debug */,
				8B84C1B41C85426C004BCF93 /* Release */,
			);
			defaultConfigurationIsVisible = 0;
			defaultConfigurationName = Release;
		};
		8B84C1B51C85426C004BCF93 /* Build configuration list for PBXNativeTarget "SUN_NEW" */ = {
			isa = XCConfigurationList;
			buildConfigurations = (
				8B84C1B61C85426C004BCF93 /* Debug */,
				8B84C1B71C85426C004BCF93 /* Release */,
			);
			defaultConfigurationIsVisible = 0;
			defaultConfigurationName = Release;
		};
/* End XCConfigurationList section */
	};
	rootObject = 8B84C1A61C85426C004BCF93 /* Project object */;
}
